<?xml version="1.0" encoding="utf-8"?>
<Project ToolsVersion="4.0" xmlns="http://schemas.microsoft.com/developer/msbuild/2003">
  <ItemGroup>
    <ClCompile Include="source\Effect.cpp">
      <Filter>Source files</Filter>
    </ClCompile>
    <ClCompile Include="source\Engine.cpp">
      <Filter>Source files</Filter>
    </ClCompile>
    <ClCompile Include="source\FreeType.cpp">
      <Filter>Source files</Filter>
    </ClCompile>
    <ClCompile Include="3rdparty\include\LodePNG\lodepng.cpp">
      <Filter>Source files</Filter>
    </ClCompile>
    <ClCompile Include="source\Renderer.cpp">
      <Filter>Source files</Filter>
    </ClCompile>
    <ClCompile Include="source\Sprite.cpp">
      <Filter>Source files</Filter>
    </ClCompile>
    <ClCompile Include="source\Texture.cpp">
      <Filter>Source files</Filter>
    </ClCompile>
    <ClCompile Include="source\TextureManager.cpp">
      <Filter>Source files</Filter>
    </ClCompile>
  </ItemGroup>
  <ItemGroup>
    <ClInclude Include="source\TextureManager.h">
      <Filter>Header files</Filter>
    </ClInclude>
    <ClInclude Include="source\Effect.h">
      <Filter>Header files</Filter>
    </ClInclude>
    <ClInclude Include="source\Engine.h">
      <Filter>Header files</Filter>
    </ClInclude>
    <ClInclude Include="source\FreeType.h">
      <Filter>Header files</Filter>
    </ClInclude>
    <ClInclude Include="source\Renderer.h">
      <Filter>Header files</Filter>
    </ClInclude>
    <ClInclude Include="source\Sprite.h">
      <Filter>Header files</Filter>
    </ClInclude>
    <ClInclude Include="source\Texture.h">
      <Filter>Header files</Filter>
    </ClInclude>
  </ItemGroup>
  <ItemGroup>
    <Filter Include="Source files">
      <UniqueIdentifier>{d6aff5b2-2330-4931-b0bb-dcb220e70fc7}</UniqueIdentifier>
    </Filter>
    <Filter Include="Header files">
      <UniqueIdentifier>{63d372b1-97de-4783-b89c-e53a71747981}</UniqueIdentifier>
    </Filter>
    <Filter Include="Resource files">
      <UniqueIdentifier>{4e14813d-b708-4fb0-8441-e121de13ec9a}</UniqueIdentifier>
    </Filter>
  </ItemGroup>
  <ItemGroup>
    <None Include="sample\Graphics_Demo\shaders\fragmentShader.frag">
      <Filter>Resource files</Filter>
    </None>
    <None Include="sample\Graphics_Demo\shaders\vertexShader.vert">
      <Filter>Resource files</Filter>
    </None>
  </ItemGroup>
</Project>